
Microsoft Visual Studio Solution File, Format Version 12.00
# Visual Studio Version 17
VisualStudioVersion = 17.6.33829.357
MinimumVisualStudioVersion = 10.0.40219.1
Project("{2150E333-8FDC-42A3-9474-1A3956D46DE8}") = "Api", "Api", "{175F0CB0-BCD9-4180-80EE-E06B09584D82}"
EndProject
Project("{2150E333-8FDC-42A3-9474-1A3956D46DE8}") = "Frontend", "Frontend", "{2C424DA0-BA26-4DD8-90E5-1557ECD800DA}"
EndProject
Project("{2150E333-8FDC-42A3-9474-1A3956D46DE8}") = "ToDo", "ToDo", "{30CCFFA6-CE0E-424D-9FF8-D965AD518783}"
EndProject
Project("{FAE04EC0-301F-11D3-BF4B-00C04F79EFBC}") = "HotelProjectApi", "Api\HotelProjectApi\HotelProjectApi.csproj", "{05BB8415-BA19-4073-91F6-33BC36F0BA9F}"
EndProject
Project("{FAE04EC0-301F-11D3-BF4B-00C04F79EFBC}") = "HotelProjectEntityLayer", "Api\HotelProjectEntityLayer\HotelProjectEntityLayer.csproj", "{30899F25-D3A2-44DC-8738-9FB82FB00216}"
EndProject
Project("{FAE04EC0-301F-11D3-BF4B-00C04F79EFBC}") = "HotelProjectDataAccessLayer", "Api\HotelProjectDataAccessLayer\HotelProjectDataAccessLayer.csproj", "{E27A598F-8662-4968-ABB8-D9F7CFB7CE72}"
EndProject
Project("{FAE04EC0-301F-11D3-BF4B-00C04F79EFBC}") = "HotelProjectBusinessLayer", "Api\HotelProjectBusinessLayer\HotelProjectBusinessLayer.csproj", "{B262ACB8-A370-4E52-B07E-24C3EAB59E3F}"
EndProject
Project("{FAE04EC0-301F-11D3-BF4B-00C04F79EFBC}") = "HotelProjectDtoLayer", "HotelProjectDtoLayer\HotelProjectDtoLayer.csproj", "{C45A4938-2D90-4382-AABF-D63B829BFADB}"
EndProject
Project("{FAE04EC0-301F-11D3-BF4B-00C04F79EFBC}") = "HotelProjectWebUI", "Frontend\HotelProjectWebUI\HotelProjectWebUI.csproj", "{79893F8F-D161-4022-A91D-471CDF3E5C24}"
EndProject
Project("{2150E333-8FDC-42A3-9474-1A3956D46DE8}") = "Solution Items", "Solution Items", "{E1F3F721-A096-4773-AD0F-47BA986E79D9}"
	ProjectSection(SolutionItems) = preProject
		.editorconfig = .editorconfig
	EndProjectSection
EndProject
Global
	GlobalSection(SolutionConfigurationPlatforms) = preSolution
		Debug|Any CPU = Debug|Any CPU
		Release|Any CPU = Release|Any CPU
	EndGlobalSection
	GlobalSection(ProjectConfigurationPlatforms) = postSolution
		{05BB8415-BA19-4073-91F6-33BC36F0BA9F}.Debug|Any CPU.ActiveCfg = Debug|Any CPU
		{05BB8415-BA19-4073-91F6-33BC36F0BA9F}.Debug|Any CPU.Build.0 = Debug|Any CPU
		{05BB8415-BA19-4073-91F6-33BC36F0BA9F}.Release|Any CPU.ActiveCfg = Release|Any CPU
		{05BB8415-BA19-4073-91F6-33BC36F0BA9F}.Release|Any CPU.Build.0 = Release|Any CPU
		{30899F25-D3A2-44DC-8738-9FB82FB00216}.Debug|Any CPU.ActiveCfg = Debug|Any CPU
		{30899F25-D3A2-44DC-8738-9FB82FB00216}.Debug|Any CPU.Build.0 = Debug|Any CPU
		{30899F25-D3A2-44DC-8738-9FB82FB00216}.Release|Any CPU.ActiveCfg = Release|Any CPU
		{30899F25-D3A2-44DC-8738-9FB82FB00216}.Release|Any CPU.Build.0 = Release|Any CPU
		{E27A598F-8662-4968-ABB8-D9F7CFB7CE72}.Debug|Any CPU.ActiveCfg = Debug|Any CPU
		{E27A598F-8662-4968-ABB8-D9F7CFB7CE72}.Debug|Any CPU.Build.0 = Debug|Any CPU
		{E27A598F-8662-4968-ABB8-D9F7CFB7CE72}.Release|Any CPU.ActiveCfg = Release|Any CPU
		{E27A598F-8662-4968-ABB8-D9F7CFB7CE72}.Release|Any CPU.Build.0 = Release|Any CPU
		{B262ACB8-A370-4E52-B07E-24C3EAB59E3F}.Debug|Any CPU.ActiveCfg = Debug|Any CPU
		{B262ACB8-A370-4E52-B07E-24C3EAB59E3F}.Debug|Any CPU.Build.0 = Debug|Any CPU
		{B262ACB8-A370-4E52-B07E-24C3EAB59E3F}.Release|Any CPU.ActiveCfg = Release|Any CPU
		{B262ACB8-A370-4E52-B07E-24C3EAB59E3F}.Release|Any CPU.Build.0 = Release|Any CPU
		{C45A4938-2D90-4382-AABF-D63B829BFADB}.Debug|Any CPU.ActiveCfg = Debug|Any CPU
		{C45A4938-2D90-4382-AABF-D63B829BFADB}.Debug|Any CPU.Build.0 = Debug|Any CPU
		{C45A4938-2D90-4382-AABF-D63B829BFADB}.Release|Any CPU.ActiveCfg = Release|Any CPU
		{C45A4938-2D90-4382-AABF-D63B829BFADB}.Release|Any CPU.Build.0 = Release|Any CPU
		{79893F8F-D161-4022-A91D-471CDF3E5C24}.Debug|Any CPU.ActiveCfg = Debug|Any CPU
		{79893F8F-D161-4022-A91D-471CDF3E5C24}.Debug|Any CPU.Build.0 = Debug|Any CPU
		{79893F8F-D161-4022-A91D-471CDF3E5C24}.Release|Any CPU.ActiveCfg = Release|Any CPU
		{79893F8F-D161-4022-A91D-471CDF3E5C24}.Release|Any CPU.Build.0 = Release|Any CPU
	EndGlobalSection
	GlobalSection(SolutionProperties) = preSolution
		HideSolutionNode = FALSE
	EndGlobalSection
	GlobalSection(NestedProjects) = preSolution
		{05BB8415-BA19-4073-91F6-33BC36F0BA9F} = {175F0CB0-BCD9-4180-80EE-E06B09584D82}
		{30899F25-D3A2-44DC-8738-9FB82FB00216} = {175F0CB0-BCD9-4180-80EE-E06B09584D82}
		{E27A598F-8662-4968-ABB8-D9F7CFB7CE72} = {175F0CB0-BCD9-4180-80EE-E06B09584D82}
		{B262ACB8-A370-4E52-B07E-24C3EAB59E3F} = {175F0CB0-BCD9-4180-80EE-E06B09584D82}
		{C45A4938-2D90-4382-AABF-D63B829BFADB} = {175F0CB0-BCD9-4180-80EE-E06B09584D82}
		{79893F8F-D161-4022-A91D-471CDF3E5C24} = {2C424DA0-BA26-4DD8-90E5-1557ECD800DA}
	EndGlobalSection
	GlobalSection(ExtensibilityGlobals) = postSolution
		SolutionGuid = {E7DB2BFB-8F3B-4711-90B4-AA865EAD1D9C}
	EndGlobalSection
EndGlobal
